
Microsoft Visual Studio Solution File, Format Version 12.00
# Visual Studio Version 17
VisualStudioVersion = 17.9.34723.18
MinimumVisualStudioVersion = 10.0.40219.1
Project("{FAE04EC0-301F-11D3-BF4B-00C04F79EFBC}") = "GpsApplication", "GpsApplication.csproj", "{D4A24D54-0BC5-456E-A471-2F1313B5965C}"
EndProject
Global
	GlobalSection(SolutionConfigurationPlatforms) = preSolution
		Debug|Any CPU = Debug|Any CPU
		Release|Any CPU = Release|Any CPU
	EndGlobalSection
	GlobalSection(ProjectConfigurationPlatforms) = postSolution
		{D4A24D54-0BC5-456E-A471-2F1313B5965C}.Debug|Any CPU.ActiveCfg = Debug|Any CPU
		{D4A24D54-0BC5-456E-A471-2F1313B5965C}.Debug|Any CPU.Build.0 = Debug|Any CPU
		{D4A24D54-0BC5-456E-A471-2F1313B5965C}.Debug|Any CPU.Deploy.0 = Debug|Any CPU
		{D4A24D54-0BC5-456E-A471-2F1313B5965C}.Release|Any CPU.ActiveCfg = Release|Any CPU
		{D4A24D54-0BC5-456E-A471-2F1313B5965C}.Release|Any CPU.Build.0 = Release|Any CPU
		{D4A24D54-0BC5-456E-A471-2F1313B5965C}.Release|Any CPU.Deploy.0 = Release|Any CPU
	EndGlobalSection
	GlobalSection(SolutionProperties) = preSolution
		HideSolutionNode = FALSE
	EndGlobalSection
	GlobalSection(ExtensibilityGlobals) = postSolution
		SolutionGuid = {5718DC26-E6DF-4335-AC1C-605E4F829332}
	EndGlobalSection
EndGlobal
